// !$*UTF8*$!
{
	archiveVersion = 1;
	classes = {
	};
	objectVersion = 50;
	objects = {

/* Begin PBXBuildFile section */
		5D31C3B7229D6D6C0051DB8D /* AppDelegate.m in Sources */ = {isa = PBXBuildFile; fileRef = 5D31C3B6229D6D6C0051DB8D /* AppDelegate.m */; };
		5D31C3BA229D6D6C0051DB8D /* ViewController.m in Sources */ = {isa = PBXBuildFile; fileRef = 5D31C3B9229D6D6C0051DB8D /* ViewController.m */; };
		5D31C3BC229D6D6F0051DB8D /* Assets.xcassets in Resources */ = {isa = PBXBuildFile; fileRef = 5D31C3BB229D6D6F0051DB8D /* Assets.xcassets */; };
		5D31C3BF229D6D6F0051DB8D /* Main.storyboard in Resources */ = {isa = PBXBuildFile; fileRef = 5D31C3BD229D6D6F0051DB8D /* Main.storyboard */; };
		5D31C3C2229D6D6F0051DB8D /* main.m in Sources */ = {isa = PBXBuildFile; fileRef = 5D31C3C1229D6D6F0051DB8D /* main.m */; };
/* End PBXBuildFile section */

/* Begin PBXFileReference section */
		5D31C3B2229D6D6C0051DB8D /* MediaTools.app */ = {isa = PBXFileReference; explicitFileType = wrapper.application; includeInIndex = 0; path = MediaTools.app; sourceTree = BUILT_PRODUCTS_DIR; };
		5D31C3B5229D6D6C0051DB8D /* AppDelegate.h */ = {isa = PBXFileReference; lastKnownFileType = sourcecode.c.h; path = AppDelegate.h; sourceTree = "<group>"; };
		5D31C3B6229D6D6C0051DB8D /* AppDelegate.m */ = {isa = PBXFileReference; lastKnownFileType = sourcecode.c.objc; path = AppDelegate.m; sourceTree = "<group>"; };
		5D31C3B8229D6D6C0051DB8D /* ViewController.h */ = {isa = PBXFileReference; lastKnownFileType = sourcecode.c.h; path = ViewController.h; sourceTree = "<group>"; };
		5D31C3B9229D6D6C0051DB8D /* ViewController.m */ = {isa = PBXFileReference; lastKnownFileType = sourcecode.c.objc; path = ViewController.m; sourceTree = "<group>"; };
		5D31C3BB229D6D6F0051DB8D /* Assets.xcassets */ = {isa = PBXFileReference; lastKnownFileType = folder.assetcatalog; path = Assets.xcassets; sourceTree = "<group>"; };
		5D31C3BE229D6D6F0051DB8D /* Base */ = {isa = PBXFileReference; lastKnownFileType = file.storyboard; name = Base; path = Base.lproj/Main.storyboard; sourceTree = "<group>"; };
		5D31C3C0229D6D6F0051DB8D /* Info.plist */ = {isa = PBXFileReference; lastKnownFileType = text.plist.xml; path = Info.plist; sourceTree = "<group>"; };
		5D31C3C1229D6D6F0051DB8D /* main.m */ = {isa = PBXFileReference; lastKnownFileType = sourcecode.c.objc; path = main.m; sourceTree = "<group>"; };
		5D31C3C3229D6D6F0051DB8D /* MediaTools.entitlements */ = {isa = PBXFileReference; lastKnownFileType = text.plist.entitlements; path = MediaTools.entitlements; sourceTree = "<group>"; };
/* End PBXFileReference section */

/* Begin PBXFrameworksBuildPhase section */
		5D31C3AF229D6D6C0051DB8D /* Frameworks */ = {
			isa = PBXFrameworksBuildPhase;
			buildActionMask = 2147483647;
			files = (
			);
			runOnlyForDeploymentPostprocessing = 0;
		};
/* End PBXFrameworksBuildPhase section */

/* Begin PBXGroup section */
		5D31C3A9229D6D6C0051DB8D = {
			isa = PBXGroup;
			children = (
				5D31C3B4229D6D6C0051DB8D /* MediaTools */,
				5D31C3B3229D6D6C0051DB8D /* Products */,
			);
			sourceTree = "<group>";
		};
		5D31C3B3229D6D6C0051DB8D /* Products */ = {
			isa = PBXGroup;
			children = (
				5D31C3B2229D6D6C0051DB8D /* MediaTools.app */,
			);
			name = Products;
			sourceTree = "<group>";
		};
		5D31C3B4229D6D6C0051DB8D /* MediaTools */ = {
			isa = PBXGroup;
			children = (
				5D31C3B5229D6D6C0051DB8D /* AppDelegate.h */,
				5D31C3B6229D6D6C0051DB8D /* AppDelegate.m */,
				5D31C3B8229D6D6C0051DB8D /* ViewController.h */,
				5D31C3B9229D6D6C0051DB8D /* ViewController.m */,
				5D31C3BB229D6D6F0051DB8D /* Assets.xcassets */,
				5D31C3BD229D6D6F0051DB8D /* Main.storyboard */,
				5D31C3C0229D6D6F0051DB8D /* Info.plist */,
				5D31C3C1229D6D6F0051DB8D /* main.m */,
				5D31C3C3229D6D6F0051DB8D /* MediaTools.entitlements */,
			);
			path = MediaTools;
			sourceTree = "<group>";
		};
/* End PBXGroup section */

/* Begin PBXNativeTarget section */
		5D31C3B1229D6D6C0051DB8D /* MediaTools */ = {
			isa = PBXNativeTarget;
			buildConfigurationList = 5D31C3C6229D6D6F0051DB8D /* Build configuration list for PBXNativeTarget "MediaTools" */;
			buildPhases = (
				5D31C3AE229D6D6C0051DB8D /* Sources */,
				5D31C3AF229D6D6C0051DB8D /* Frameworks */,
				5D31C3B0229D6D6C0051DB8D /* Resources */,
			);
			buildRules = (
			);
			dependencies = (
			);
			name = MediaTools;
			productName = MediaTools;
			productReference = 5D31C3B2229D6D6C0051DB8D /* MediaTools.app */;
			productType = "com.apple.product-type.application";
		};
/* End PBXNativeTarget section */

/* Begin PBXProject section */
		5D31C3AA229D6D6C0051DB8D /* Project object */ = {
			isa = PBXProject;
			attributes = {
				LastUpgradeCheck = 1010;
				ORGANIZATIONNAME = xiewei;
				TargetAttributes = {
					5D31C3B1229D6D6C0051DB8D = {
						CreatedOnToolsVersion = 10.1;
					};
				};
			};
			buildConfigurationList = 5D31C3AD229D6D6C0051DB8D /* Build configuration list for PBXProject "MediaTools" */;
			compatibilityVersion = "Xcode 9.3";
			developmentRegion = en;
			hasScannedForEncodings = 0;
			knownRegions = (
				en,
				Base,
			);
			mainGroup = 5D31C3A9229D6D6C0051DB8D;
			productRefGroup = 5D31C3B3229D6D6C0051DB8D /* Products */;
			projectDirPath = "";
			projectRoot = "";
			targets = (
				5D31C3B1229D6D6C0051DB8D /* MediaTools */,
			);
		};
/* End PBXProject section */

/* Begin PBXResourcesBuildPhase section */
		5D31C3B0229D6D6C0051DB8D /* Resources */ = {
			isa = PBXResourcesBuildPhase;
			buildActionMask = 2147483647;
			files = (
				5D31C3BC229D6D6F0051DB8D /* Assets.xcassets in Resources */,
				5D31C3BF229D6D6F0051DB8D /* Main.storyboard in Resources */,
			);
			runOnlyForDeploymentPostprocessing = 0;
		};
/* End PBXResourcesBuildPhase section */

/* Begin PBXSourcesBuildPhase section */
		5D31C3AE229D6D6C0051DB8D /* Sources */ = {
			isa = PBXSourcesBuildPhase;
			buildActionMask = 2147483647;
			files = (
				5D31C3BA229D6D6C0051DB8D /* ViewController.m in Sources */,
				5D31C3C2229D6D6F0051DB8D /* main.m in Sources */,
				5D31C3B7229D6D6C0051DB8D /* AppDelegate.m in Sources */,
			);
			runOnlyForDeploymentPostprocessing = 0;
		};
/* End PBXSourcesBuildPhase section */

/* Begin PBXVariantGroup section */
		5D31C3BD229D6D6F0051DB8D /* Main.storyboard */ = {
			isa = PBXVariantGroup;
			children = (
				5D31C3BE229D6D6F0051DB8D /* Base */,
			);
			name = Main.storyboard;
			sourceTree = "<group>";
		};
/* End PBXVariantGroup section */

/* Begin XCBuildConfiguration section */
		5D31C3C4229D6D6F0051DB8D /* Debug */ = {
			isa = XCBuildConfiguration;
			buildSettings = {
				ALWAYS_SEARCH_USER_PATHS = NO;
				CLANG_ANALYZER_NONNULL = YES;
				CLANG_ANALYZER_NUMBER_OBJECT_CONVERSION = YES_AGGRESSIVE;
				CLANG_CXX_LANGUAGE_STANDARD = "gnu++14";
				CLANG_CXX_LIBRARY = "libc++";
				CLANG_ENABLE_MODULES = YES;
				CLANG_ENABLE_OBJC_ARC = YES;
				CLANG_ENABLE_OBJC_WEAK = YES;
				CLANG_WARN_BLOCK_CAPTURE_AUTORELEASING = YES;
				CLANG_WARN_BOOL_CONVERSION = YES;
				CLANG_WARN_COMMA = YES;
				CLANG_WARN_CONSTANT_CONVERSION = YES;
				CLANG_WARN_DEPRECATED_OBJC_IMPLEMENTATIONS = YES;
				CLANG_WARN_DIRECT_OBJC_ISA_USAGE = YES_ERROR;
				CLANG_WARN_DOCUMENTATION_COMMENTS = YES;
				CLANG_WARN_EMPTY_BODY = YES;
				CLANG_WARN_ENUM_CONVERSION = YES;
				CLANG_WARN_INFINITE_RECURSION = YES;
				CLANG_WARN_INT_CONVERSION = YES;
				CLANG_WARN_NON_LITERAL_NULL_CONVERSION = YES;
				CLANG_WARN_OBJC_IMPLICIT_RETAIN_SELF = YES;
				CLANG_WARN_OBJC_LITERAL_CONVERSION = YES;
				CLANG_WARN_OBJC_ROOT_CLASS = YES_ERROR;
				CLANG_WARN_RANGE_LOOP_ANALYSIS = YES;
				CLANG_WARN_STRICT_PROTOTYPES = YES;
				CLANG_WARN_SUSPICIOUS_MOVE = YES;
				CLANG_WARN_UNGUARDED_AVAILABILITY = YES_AGGRESSIVE;
				CLANG_WARN_UNREACHABLE_CODE = YES;
				CLANG_WARN__DUPLICATE_METHOD_MATCH = YES;
				CODE_SIGN_IDENTITY = "-";
				COPY_PHASE_STRIP = NO;
				DEBUG_INFORMATION_FORMAT = dwarf;
				ENABLE_STRICT_OBJC_MSGSEND = YES;
				ENABLE_TESTABILITY = YES;
				GCC_C_LANGUAGE_STANDARD = gnu11;
				GCC_DYNAMIC_NO_PIC = NO;
				GCC_NO_COMMON_BLOCKS = YES;
				GCC_OPTIMIZATION_LEVEL = 0;
				GCC_PREPROCESSOR_DEFINITIONS = (
					"DEBUG=1",
					"$(inherited)",
				);
				GCC_WARN_64_TO_32_BIT_CONVERSION = YES;
				GCC_WARN_ABOUT_RETURN_TYPE = YES_ERROR;
				GCC_WARN_UNDECLARED_SELECTOR = YES;
				GCC_WARN_UNINITIALIZED_AUTOS = YES_AGGRESSIVE;
				GCC_WARN_UNUSED_FUNCTION = YES;
				GCC_WARN_UNUSED_VARIABLE = YES;
				MACOSX_DEPLOYMENT_TARGET = 10.14;
				MTL_ENABLE_DEBUG_INFO = INCLUDE_SOURCE;
				MTL_FAST_MATH = YES;
				ONLY_ACTIVE_ARCH = YES;
				SDKROOT = macosx;
			};
			name = Debug;
		};
		5D31C3C5229D6D6F0051DB8D /* Release */ = {
			isa = XCBuildConfiguration;
			buildSettings = {
				ALWAYS_SEARCH_USER_PATHS = NO;
				CLANG_ANALYZER_NONNULL = YES;
				CLANG_ANALYZER_NUMBER_OBJECT_CONVERSION = YES_AGGRESSIVE;
				CLANG_CXX_LANGUAGE_STANDARD = "gnu++14";
				CLANG_CXX_LIBRARY = "libc++";
				CLANG_ENABLE_MODULES = YES;
				CLANG_ENABLE_OBJC_ARC = YES;
				CLANG_ENABLE_OBJC_WEAK = YES;
				CLANG_WARN_BLOCK_CAPTURE_AUTORELEASING = YES;
				CLANG_WARN_BOOL_CONVERSION = YES;
				CLANG_WARN_COMMA = YES;
				CLANG_WARN_CONSTANT_CONVERSION = YES;
				CLANG_WARN_DEPRECATED_OBJC_IMPLEMENTATIONS = YES;
				CLANG_WARN_DIRECT_OBJC_ISA_USAGE = YES_ERROR;
				CLANG_WARN_DOCUMENTATION_COMMENTS = YES;
				CLANG_WARN_EMPTY_BODY = YES;
				CLANG_WARN_ENUM_CONVERSION = YES;
				CLANG_WARN_INFINITE_RECURSION = YES;
				CLANG_WARN_INT_CONVERSION = YES;
				CLANG_WARN_NON_LITERAL_NULL_CONVERSION = YES;
				CLANG_WARN_OBJC_IMPLICIT_RETAIN_SELF = YES;
				CLANG_WARN_OBJC_LITERAL_CONVERSION = YES;
				CLANG_WARN_OBJC_ROOT_CLASS = YES_ERROR;
				CLANG_WARN_RANGE_LOOP_ANALYSIS = YES;
				CLANG_WARN_STRICT_PROTOTYPES = YES;
				CLANG_WARN_SUSPICIOUS_MOVE = YES;
				CLANG_WARN_UNGUARDED_AVAILABILITY = YES_AGGRESSIVE;
				CLANG_WARN_UNREACHABLE_CODE = YES;
				CLANG_WARN__DUPLICATE_METHOD_MATCH = YES;
				CODE_SIGN_IDENTITY = "-";
				COPY_PHASE_STRIP = NO;
				DEBUG_INFORMATION_FORMAT = "dwarf-with-dsym";
				ENABLE_NS_ASSERTIONS = NO;
				ENABLE_STRICT_OBJC_MSGSEND = YES;
				GCC_C_LANGUAGE_STANDARD = gnu11;
				GCC_NO_COMMON_BLOCKS = YES;
				GCC_WARN_64_TO_32_BIT_CONVERSION = YES;
				GCC_WARN_ABOUT_RETURN_TYPE = YES_ERROR;
				GCC_WARN_UNDECLARED_SELECTOR = YES;
				GCC_WARN_UNINITIALIZED_AUTOS = YES_AGGRESSIVE;
				GCC_WARN_UNUSED_FUNCTION = YES;
				GCC_WARN_UNUSED_VARIABLE = YES;
				MACOSX_DEPLOYMENT_TARGET = 10.14;
				MTL_ENABLE_DEBUG_INFO = NO;
				MTL_FAST_MATH = YES;
				SDKROOT = macosx;
			};
			name = Release;
		};
		5D31C3C7229D6D6F0051DB8D /* Debug */ = {
			isa = XCBuildConfiguration;
			buildSettings = {
				ASSETCATALOG_COMPILER_APPICON_NAME = AppIcon;
				CODE_SIGN_ENTITLEMENTS = MediaTools/MediaTools.entitlements;
				CODE_SIGN_STYLE = Automatic;
				COMBINE_HIDPI_IMAGES = YES;
				INFOPLIST_FILE = MediaTools/Info.plist;
				LD_RUNPATH_SEARCH_PATHS = (
					"$(inherited)",
					"@executable_path/../Frameworks",
				);
				PRODUCT_BUNDLE_IDENTIFIER = xw.MediaTools;
				PRODUCT_NAME = "$(TARGET_NAME)";
			};
			name = Debug;
		};
		5D31C3C8229D6D6F0051DB8D /* Release */ = {
			isa = XCBuildConfiguration;
			buildSettings = {
				ASSETCATALOG_COMPILER_APPICON_NAME = AppIcon;
				CODE_SIGN_ENTITLEMENTS = MediaTools/MediaTools.entitlements;
				CODE_SIGN_STYLE = Automatic;
				COMBINE_HIDPI_IMAGES = YES;
				INFOPLIST_FILE = MediaTools/Info.plist;
				LD_RUNPATH_SEARCH_PATHS = (
					"$(inherited)",
					"@executable_path/../Frameworks",
				);
				PRODUCT_BUNDLE_IDENTIFIER = xw.MediaTools;
				PRODUCT_NAME = "$(TARGET_NAME)";
			};
			name = Release;
		};
/* End XCBuildConfiguration section */

/* Begin XCConfigurationList section */
		5D31C3AD229D6D6C0051DB8D /* Build configuration list for PBXProject "MediaTools" */ = {
			isa = XCConfigurationList;
			buildConfigurations = (
				5D31C3C4229D6D6F0051DB8D /* Debug */,
				5D31C3C5229D6D6F0051DB8D /* Release */,
			);
			defaultConfigurationIsVisible = 0;
			defaultConfigurationName = Release;
		};
		5D31C3C6229D6D6F0051DB8D /* Build configuration list for PBXNativeTarget "MediaTools" */ = {
			isa = XCConfigurationList;
			buildConfigurations = (
				5D31C3C7229D6D6F0051DB8D /* Debug */,
				5D31C3C8229D6D6F0051DB8D /* Release */,
			);
			defaultConfigurationIsVisible = 0;
			defaultConfigurationName = Release;
		};
/* End XCConfigurationList section */
	};
	rootObject = 5D31C3AA229D6D6C0051DB8D /* Project object */;
}
